
Microsoft Visual Studio Solution File, Format Version 12.00
# Visual Studio Version 16
VisualStudioVersion = 16.0.29519.181
MinimumVisualStudioVersion = 10.0.40219.1
Project("{9A19103F-16F7-4668-BE54-9A1E7A4F7556}") = "DemandaWeb", "DemandaWeb\DemandaWeb.csproj", "{69C94979-5735-43EF-AAA5-5850E912AB7A}"
EndProject
Project("{9A19103F-16F7-4668-BE54-9A1E7A4F7556}") = "ReportViewerForCore", "ReportViewerForCore\ReportViewerForCore.csproj", "{58C31B9E-2B5E-44F4-9DCD-22C0E0F280DE}"
EndProject
Global
	GlobalSection(SolutionConfigurationPlatforms) = preSolution
		Debug|Any CPU = Debug|Any CPU
		Release|Any CPU = Release|Any CPU
	EndGlobalSection
	GlobalSection(ProjectConfigurationPlatforms) = postSolution
		{69C94979-5735-43EF-AAA5-5850E912AB7A}.Debug|Any CPU.ActiveCfg = Debug|Any CPU
		{69C94979-5735-43EF-AAA5-5850E912AB7A}.Debug|Any CPU.Build.0 = Debug|Any CPU
		{69C94979-5735-43EF-AAA5-5850E912AB7A}.Release|Any CPU.ActiveCfg = Release|Any CPU
		{69C94979-5735-43EF-AAA5-5850E912AB7A}.Release|Any CPU.Build.0 = Release|Any CPU
		{58C31B9E-2B5E-44F4-9DCD-22C0E0F280DE}.Debug|Any CPU.ActiveCfg = Debug|Any CPU
		{58C31B9E-2B5E-44F4-9DCD-22C0E0F280DE}.Debug|Any CPU.Build.0 = Debug|Any CPU
		{58C31B9E-2B5E-44F4-9DCD-22C0E0F280DE}.Release|Any CPU.ActiveCfg = Release|Any CPU
		{58C31B9E-2B5E-44F4-9DCD-22C0E0F280DE}.Release|Any CPU.Build.0 = Release|Any CPU
	EndGlobalSection
	GlobalSection(SolutionProperties) = preSolution
		HideSolutionNode = FALSE
	EndGlobalSection
	GlobalSection(ExtensibilityGlobals) = postSolution
		SolutionGuid = {4D73193E-BCD1-42D6-9695-31C2456B2D8C}
	EndGlobalSection
EndGlobal
